
Microsoft Visual Studio Solution File, Format Version 12.00
# Visual Studio 14
VisualStudioVersion = 14.0.25420.1
MinimumVisualStudioVersion = 10.0.40219.1
Project("{F184B08F-C81C-45F6-A57F-5ABD9991F28F}") = "HanoiTowers-Project", "HanoiTowers-Project\HanoiTowers-Project.vbproj", "{6382D7DC-8EEA-45BE-802C-301EA8782400}"
EndProject
Global
	GlobalSection(SolutionConfigurationPlatforms) = preSolution
		Debug|Any CPU = Debug|Any CPU
		Release|Any CPU = Release|Any CPU
	EndGlobalSection
	GlobalSection(ProjectConfigurationPlatforms) = postSolution
		{6382D7DC-8EEA-45BE-802C-301EA8782400}.Debug|Any CPU.ActiveCfg = Debug|Any CPU
		{6382D7DC-8EEA-45BE-802C-301EA8782400}.Debug|Any CPU.Build.0 = Debug|Any CPU
		{6382D7DC-8EEA-45BE-802C-301EA8782400}.Release|Any CPU.ActiveCfg = Release|Any CPU
		{6382D7DC-8EEA-45BE-802C-301EA8782400}.Release|Any CPU.Build.0 = Release|Any CPU
	EndGlobalSection
	GlobalSection(SolutionProperties) = preSolution
		HideSolutionNode = FALSE
	EndGlobalSection
EndGlobal
